
Microsoft Visual Studio Solution File, Format Version 12.00
Project("{FAE04EC0-301F-11D3-BF4B-00C04F79EFBC}") = "InfoSystem", "InfoSystem\InfoSystem.csproj", "{DEDC85C2-C800-4798-97D8-4CA6B07E967D}"
EndProject
Global
	GlobalSection(SolutionConfigurationPlatforms) = preSolution
		Debug|Any CPU = Debug|Any CPU
		Release|Any CPU = Release|Any CPU
	EndGlobalSection
	GlobalSection(ProjectConfigurationPlatforms) = postSolution
		{DEDC85C2-C800-4798-97D8-4CA6B07E967D}.Debug|Any CPU.ActiveCfg = Debug|Any CPU
		{DEDC85C2-C800-4798-97D8-4CA6B07E967D}.Debug|Any CPU.Build.0 = Debug|Any CPU
		{DEDC85C2-C800-4798-97D8-4CA6B07E967D}.Release|Any CPU.ActiveCfg = Release|Any CPU
		{DEDC85C2-C800-4798-97D8-4CA6B07E967D}.Release|Any CPU.Build.0 = Release|Any CPU
	EndGlobalSection
EndGlobal
